// !$*UTF8*$!
{
	archiveVersion = 1;
	classes = {
	};
	objectVersion = 48;
	objects = {

/* Begin PBXBuildFile section */
		148482C5201D31000062825F /* Components.framework in Frameworks */ = {isa = PBXBuildFile; fileRef = 148482C3201D30F50062825F /* Components.framework */; };
		148482C6201D31000062825F /* Components.framework in Embed Frameworks */ = {isa = PBXBuildFile; fileRef = 148482C3201D30F50062825F /* Components.framework */; settings = {ATTRIBUTES = (CodeSignOnCopy, RemoveHeadersOnCopy, ); }; };
		14D619D9201D28B80093CB06 /* AppDelegate.swift in Sources */ = {isa = PBXBuildFile; fileRef = 14D619D8201D28B80093CB06 /* AppDelegate.swift */; };
		14D619DB201D28B80093CB06 /* ViewController.swift in Sources */ = {isa = PBXBuildFile; fileRef = 14D619DA201D28B80093CB06 /* ViewController.swift */; };
		14D619DE201D28B80093CB06 /* Main.storyboard in Resources */ = {isa = PBXBuildFile; fileRef = 14D619DC201D28B80093CB06 /* Main.storyboard */; };
		14D619E0201D28B80093CB06 /* Assets.xcassets in Resources */ = {isa = PBXBuildFile; fileRef = 14D619DF201D28B80093CB06 /* Assets.xcassets */; };
		14D619E3201D28B80093CB06 /* LaunchScreen.storyboard in Resources */ = {isa = PBXBuildFile; fileRef = 14D619E1201D28B80093CB06 /* LaunchScreen.storyboard */; };
		14D619F7201D2A620093CB06 /* UserTableViewCell.swift in Sources */ = {isa = PBXBuildFile; fileRef = 14D619F5201D2A620093CB06 /* UserTableViewCell.swift */; };
		14D619F8201D2A620093CB06 /* UserTableViewCell.xib in Resources */ = {isa = PBXBuildFile; fileRef = 14D619F6201D2A620093CB06 /* UserTableViewCell.xib */; };
		14D619FA201D2AED0093CB06 /* User.swift in Sources */ = {isa = PBXBuildFile; fileRef = 14D619F9201D2AED0093CB06 /* User.swift */; };
/* End PBXBuildFile section */

/* Begin PBXCopyFilesBuildPhase section */
		148482BE201D2E310062825F /* Embed Frameworks */ = {
			isa = PBXCopyFilesBuildPhase;
			buildActionMask = 2147483647;
			dstPath = "";
			dstSubfolderSpec = 10;
			files = (
				148482C6201D31000062825F /* Components.framework in Embed Frameworks */,
			);
			name = "Embed Frameworks";
			runOnlyForDeploymentPostprocessing = 0;
		};
/* End PBXCopyFilesBuildPhase section */

/* Begin PBXFileReference section */
		148482C3201D30F50062825F /* Components.framework */ = {isa = PBXFileReference; lastKnownFileType = wrapper.framework; path = Components.framework; sourceTree = "<group>"; };
		14D619D5201D28B80093CB06 /* CellViewModelDemo.app */ = {isa = PBXFileReference; explicitFileType = wrapper.application; includeInIndex = 0; path = CellViewModelDemo.app; sourceTree = BUILT_PRODUCTS_DIR; };
		14D619D8201D28B80093CB06 /* AppDelegate.swift */ = {isa = PBXFileReference; lastKnownFileType = sourcecode.swift; path = AppDelegate.swift; sourceTree = "<group>"; };
		14D619DA201D28B80093CB06 /* ViewController.swift */ = {isa = PBXFileReference; lastKnownFileType = sourcecode.swift; path = ViewController.swift; sourceTree = "<group>"; };
		14D619DD201D28B80093CB06 /* Base */ = {isa = PBXFileReference; lastKnownFileType = file.storyboard; name = Base; path = Base.lproj/Main.storyboard; sourceTree = "<group>"; };
		14D619DF201D28B80093CB06 /* Assets.xcassets */ = {isa = PBXFileReference; lastKnownFileType = folder.assetcatalog; path = Assets.xcassets; sourceTree = "<group>"; };
		14D619E2201D28B80093CB06 /* Base */ = {isa = PBXFileReference; lastKnownFileType = file.storyboard; name = Base; path = Base.lproj/LaunchScreen.storyboard; sourceTree = "<group>"; };
		14D619E4201D28B80093CB06 /* Info.plist */ = {isa = PBXFileReference; lastKnownFileType = text.plist.xml; path = Info.plist; sourceTree = "<group>"; };
		14D619F5201D2A620093CB06 /* UserTableViewCell.swift */ = {isa = PBXFileReference; lastKnownFileType = sourcecode.swift; path = UserTableViewCell.swift; sourceTree = "<group>"; };
		14D619F6201D2A620093CB06 /* UserTableViewCell.xib */ = {isa = PBXFileReference; lastKnownFileType = file.xib; path = UserTableViewCell.xib; sourceTree = "<group>"; };
		14D619F9201D2AED0093CB06 /* User.swift */ = {isa = PBXFileReference; lastKnownFileType = sourcecode.swift; path = User.swift; sourceTree = "<group>"; };
/* End PBXFileReference section */

/* Begin PBXFrameworksBuildPhase section */
		14D619D2201D28B80093CB06 /* Frameworks */ = {
			isa = PBXFrameworksBuildPhase;
			buildActionMask = 2147483647;
			files = (
				148482C5201D31000062825F /* Components.framework in Frameworks */,
			);
			runOnlyForDeploymentPostprocessing = 0;
		};
/* End PBXFrameworksBuildPhase section */

/* Begin PBXGroup section */
		14D619CC201D28B80093CB06 = {
			isa = PBXGroup;
			children = (
				14D619D7201D28B80093CB06 /* CellViewModelDemo */,
				14D619D6201D28B80093CB06 /* Products */,
			);
			sourceTree = "<group>";
		};
		14D619D6201D28B80093CB06 /* Products */ = {
			isa = PBXGroup;
			children = (
				14D619D5201D28B80093CB06 /* CellViewModelDemo.app */,
			);
			name = Products;
			sourceTree = "<group>";
		};
		14D619D7201D28B80093CB06 /* CellViewModelDemo */ = {
			isa = PBXGroup;
			children = (
				148482C3201D30F50062825F /* Components.framework */,
				14D619ED201D29930093CB06 /* Application */,
				14D619FB201D2AF30093CB06 /* Models */,
				14D619EC201D29890093CB06 /* ViewControllers */,
				14D619F0201D29DC0093CB06 /* Cells */,
				14D619EE201D29BC0093CB06 /* Storyboards */,
				14D619EF201D29C50093CB06 /* Resources */,
			);
			path = CellViewModelDemo;
			sourceTree = "<group>";
		};
		14D619EC201D29890093CB06 /* ViewControllers */ = {
			isa = PBXGroup;
			children = (
				14D619DA201D28B80093CB06 /* ViewController.swift */,
			);
			path = ViewControllers;
			sourceTree = "<group>";
		};
		14D619ED201D29930093CB06 /* Application */ = {
			isa = PBXGroup;
			children = (
				14D619D8201D28B80093CB06 /* AppDelegate.swift */,
				14D619E4201D28B80093CB06 /* Info.plist */,
			);
			path = Application;
			sourceTree = "<group>";
		};
		14D619EE201D29BC0093CB06 /* Storyboards */ = {
			isa = PBXGroup;
			children = (
				14D619DC201D28B80093CB06 /* Main.storyboard */,
				14D619E1201D28B80093CB06 /* LaunchScreen.storyboard */,
			);
			path = Storyboards;
			sourceTree = "<group>";
		};
		14D619EF201D29C50093CB06 /* Resources */ = {
			isa = PBXGroup;
			children = (
				14D619DF201D28B80093CB06 /* Assets.xcassets */,
			);
			path = Resources;
			sourceTree = "<group>";
		};
		14D619F0201D29DC0093CB06 /* Cells */ = {
			isa = PBXGroup;
			children = (
				14D619F5201D2A620093CB06 /* UserTableViewCell.swift */,
				14D619F6201D2A620093CB06 /* UserTableViewCell.xib */,
			);
			path = Cells;
			sourceTree = "<group>";
		};
		14D619FB201D2AF30093CB06 /* Models */ = {
			isa = PBXGroup;
			children = (
				14D619F9201D2AED0093CB06 /* User.swift */,
			);
			path = Models;
			sourceTree = "<group>";
		};
/* End PBXGroup section */

/* Begin PBXNativeTarget section */
		14D619D4201D28B80093CB06 /* CellViewModelDemo */ = {
			isa = PBXNativeTarget;
			buildConfigurationList = 14D619E7201D28B80093CB06 /* Build configuration list for PBXNativeTarget "CellViewModelDemo" */;
			buildPhases = (
				14D619D1201D28B80093CB06 /* Sources */,
				14D619D2201D28B80093CB06 /* Frameworks */,
				14D619D3201D28B80093CB06 /* Resources */,
				148482BE201D2E310062825F /* Embed Frameworks */,
			);
			buildRules = (
			);
			dependencies = (
			);
			name = CellViewModelDemo;
			productName = CellViewModelDemo;
			productReference = 14D619D5201D28B80093CB06 /* CellViewModelDemo.app */;
			productType = "com.apple.product-type.application";
		};
/* End PBXNativeTarget section */

/* Begin PBXProject section */
		14D619CD201D28B80093CB06 /* Project object */ = {
			isa = PBXProject;
			attributes = {
				LastSwiftUpdateCheck = 0920;
				LastUpgradeCheck = 0920;
				ORGANIZATIONNAME = "Anton Poltoratskyi";
				TargetAttributes = {
					14D619D4201D28B80093CB06 = {
						CreatedOnToolsVersion = 9.2;
						ProvisioningStyle = Automatic;
					};
				};
			};
			buildConfigurationList = 14D619D0201D28B80093CB06 /* Build configuration list for PBXProject "CellViewModelDemo" */;
			compatibilityVersion = "Xcode 8.0";
			developmentRegion = en;
			hasScannedForEncodings = 0;
			knownRegions = (
				en,
				Base,
			);
			mainGroup = 14D619CC201D28B80093CB06;
			productRefGroup = 14D619D6201D28B80093CB06 /* Products */;
			projectDirPath = "";
			projectRoot = "";
			targets = (
				14D619D4201D28B80093CB06 /* CellViewModelDemo */,
			);
		};
/* End PBXProject section */

/* Begin PBXResourcesBuildPhase section */
		14D619D3201D28B80093CB06 /* Resources */ = {
			isa = PBXResourcesBuildPhase;
			buildActionMask = 2147483647;
			files = (
				14D619E3201D28B80093CB06 /* LaunchScreen.storyboard in Resources */,
				14D619F8201D2A620093CB06 /* UserTableViewCell.xib in Resources */,
				14D619E0201D28B80093CB06 /* Assets.xcassets in Resources */,
				14D619DE201D28B80093CB06 /* Main.storyboard in Resources */,
			);
			runOnlyForDeploymentPostprocessing = 0;
		};
/* End PBXResourcesBuildPhase section */

/* Begin PBXSourcesBuildPhase section */
		14D619D1201D28B80093CB06 /* Sources */ = {
			isa = PBXSourcesBuildPhase;
			buildActionMask = 2147483647;
			files = (
				14D619FA201D2AED0093CB06 /* User.swift in Sources */,
				14D619F7201D2A620093CB06 /* UserTableViewCell.swift in Sources */,
				14D619DB201D28B80093CB06 /* ViewController.swift in Sources */,
				14D619D9201D28B80093CB06 /* AppDelegate.swift in Sources */,
			);
			runOnlyForDeploymentPostprocessing = 0;
		};
/* End PBXSourcesBuildPhase section */

/* Begin PBXVariantGroup section */
		14D619DC201D28B80093CB06 /* Main.storyboard */ = {
			isa = PBXVariantGroup;
			children = (
				14D619DD201D28B80093CB06 /* Base */,
			);
			name = Main.storyboard;
			sourceTree = "<group>";
		};
		14D619E1201D28B80093CB06 /* LaunchScreen.storyboard */ = {
			isa = PBXVariantGroup;
			children = (
				14D619E2201D28B80093CB06 /* Base */,
			);
			name = LaunchScreen.storyboard;
			sourceTree = "<group>";
		};
/* End PBXVariantGroup section */

/* Begin XCBuildConfiguration section */
		14D619E5201D28B80093CB06 /* Debug */ = {
			isa = XCBuildConfiguration;
			buildSettings = {
				ALWAYS_SEARCH_USER_PATHS = NO;
				CLANG_ANALYZER_NONNULL = YES;
				CLANG_ANALYZER_NUMBER_OBJECT_CONVERSION = YES_AGGRESSIVE;
				CLANG_CXX_LANGUAGE_STANDARD = "gnu++14";
				CLANG_CXX_LIBRARY = "libc++";
				CLANG_ENABLE_MODULES = YES;
				CLANG_ENABLE_OBJC_ARC = YES;
				CLANG_WARN_BLOCK_CAPTURE_AUTORELEASING = YES;
				CLANG_WARN_BOOL_CONVERSION = YES;
				CLANG_WARN_COMMA = YES;
				CLANG_WARN_CONSTANT_CONVERSION = YES;
				CLANG_WARN_DIRECT_OBJC_ISA_USAGE = YES_ERROR;
				CLANG_WARN_DOCUMENTATION_COMMENTS = YES;
				CLANG_WARN_EMPTY_BODY = YES;
				CLANG_WARN_ENUM_CONVERSION = YES;
				CLANG_WARN_INFINITE_RECURSION = YES;
				CLANG_WARN_INT_CONVERSION = YES;
				CLANG_WARN_NON_LITERAL_NULL_CONVERSION = YES;
				CLANG_WARN_OBJC_LITERAL_CONVERSION = YES;
				CLANG_WARN_OBJC_ROOT_CLASS = YES_ERROR;
				CLANG_WARN_RANGE_LOOP_ANALYSIS = YES;
				CLANG_WARN_STRICT_PROTOTYPES = YES;
				CLANG_WARN_SUSPICIOUS_MOVE = YES;
				CLANG_WARN_UNGUARDED_AVAILABILITY = YES_AGGRESSIVE;
				CLANG_WARN_UNREACHABLE_CODE = YES;
				CLANG_WARN__DUPLICATE_METHOD_MATCH = YES;
				CODE_SIGN_IDENTITY = "iPhone Developer";
				COPY_PHASE_STRIP = NO;
				DEBUG_INFORMATION_FORMAT = dwarf;
				ENABLE_STRICT_OBJC_MSGSEND = YES;
				ENABLE_TESTABILITY = YES;
				GCC_C_LANGUAGE_STANDARD = gnu11;
				GCC_DYNAMIC_NO_PIC = NO;
				GCC_NO_COMMON_BLOCKS = YES;
				GCC_OPTIMIZATION_LEVEL = 0;
				GCC_PREPROCESSOR_DEFINITIONS = (
					"DEBUG=1",
					"$(inherited)",
				);
				GCC_WARN_64_TO_32_BIT_CONVERSION = YES;
				GCC_WARN_ABOUT_RETURN_TYPE = YES_ERROR;
				GCC_WARN_UNDECLARED_SELECTOR = YES;
				GCC_WARN_UNINITIALIZED_AUTOS = YES_AGGRESSIVE;
				GCC_WARN_UNUSED_FUNCTION = YES;
				GCC_WARN_UNUSED_VARIABLE = YES;
				IPHONEOS_DEPLOYMENT_TARGET = 11.2;
				MTL_ENABLE_DEBUG_INFO = YES;
				ONLY_ACTIVE_ARCH = YES;
				SDKROOT = iphoneos;
				SWIFT_ACTIVE_COMPILATION_CONDITIONS = DEBUG;
				SWIFT_OPTIMIZATION_LEVEL = "-Onone";
			};
			name = Debug;
		};
		14D619E6201D28B80093CB06 /* Release */ = {
			isa = XCBuildConfiguration;
			buildSettings = {
				ALWAYS_SEARCH_USER_PATHS = NO;
				CLANG_ANALYZER_NONNULL = YES;
				CLANG_ANALYZER_NUMBER_OBJECT_CONVERSION = YES_AGGRESSIVE;
				CLANG_CXX_LANGUAGE_STANDARD = "gnu++14";
				CLANG_CXX_LIBRARY = "libc++";
				CLANG_ENABLE_MODULES = YES;
				CLANG_ENABLE_OBJC_ARC = YES;
				CLANG_WARN_BLOCK_CAPTURE_AUTORELEASING = YES;
				CLANG_WARN_BOOL_CONVERSION = YES;
				CLANG_WARN_COMMA = YES;
				CLANG_WARN_CONSTANT_CONVERSION = YES;
				CLANG_WARN_DIRECT_OBJC_ISA_USAGE = YES_ERROR;
				CLANG_WARN_DOCUMENTATION_COMMENTS = YES;
				CLANG_WARN_EMPTY_BODY = YES;
				CLANG_WARN_ENUM_CONVERSION = YES;
				CLANG_WARN_INFINITE_RECURSION = YES;
				CLANG_WARN_INT_CONVERSION = YES;
				CLANG_WARN_NON_LITERAL_NULL_CONVERSION = YES;
				CLANG_WARN_OBJC_LITERAL_CONVERSION = YES;
				CLANG_WARN_OBJC_ROOT_CLASS = YES_ERROR;
				CLANG_WARN_RANGE_LOOP_ANALYSIS = YES;
				CLANG_WARN_STRICT_PROTOTYPES = YES;
				CLANG_WARN_SUSPICIOUS_MOVE = YES;
				CLANG_WARN_UNGUARDED_AVAILABILITY = YES_AGGRESSIVE;
				CLANG_WARN_UNREACHABLE_CODE = YES;
				CLANG_WARN__DUPLICATE_METHOD_MATCH = YES;
				CODE_SIGN_IDENTITY = "iPhone Developer";
				COPY_PHASE_STRIP = NO;
				DEBUG_INFORMATION_FORMAT = "dwarf-with-dsym";
				ENABLE_NS_ASSERTIONS = NO;
				ENABLE_STRICT_OBJC_MSGSEND = YES;
				GCC_C_LANGUAGE_STANDARD = gnu11;
				GCC_NO_COMMON_BLOCKS = YES;
				GCC_WARN_64_TO_32_BIT_CONVERSION = YES;
				GCC_WARN_ABOUT_RETURN_TYPE = YES_ERROR;
				GCC_WARN_UNDECLARED_SELECTOR = YES;
				GCC_WARN_UNINITIALIZED_AUTOS = YES_AGGRESSIVE;
				GCC_WARN_UNUSED_FUNCTION = YES;
				GCC_WARN_UNUSED_VARIABLE = YES;
				IPHONEOS_DEPLOYMENT_TARGET = 11.2;
				MTL_ENABLE_DEBUG_INFO = NO;
				SDKROOT = iphoneos;
				SWIFT_OPTIMIZATION_LEVEL = "-Owholemodule";
				VALIDATE_PRODUCT = YES;
			};
			name = Release;
		};
		14D619E8201D28B80093CB06 /* Debug */ = {
			isa = XCBuildConfiguration;
			buildSettings = {
				ASSETCATALOG_COMPILER_APPICON_NAME = AppIcon;
				CODE_SIGN_STYLE = Automatic;
				DEVELOPMENT_TEAM = 69HX7T8G92;
				FRAMEWORK_SEARCH_PATHS = (
					"$(inherited)",
					"$(PROJECT_DIR)/CellViewModelDemo",
				);
				INFOPLIST_FILE = "$(SRCROOT)/CellViewModelDemo/Application/Info.plist";
				LD_RUNPATH_SEARCH_PATHS = "$(inherited) @executable_path/Frameworks";
				PRODUCT_BUNDLE_IDENTIFIER = com.polant.CellViewModelDemo;
				PRODUCT_NAME = "$(TARGET_NAME)";
				SWIFT_VERSION = 4.0;
				TARGETED_DEVICE_FAMILY = "1,2";
			};
			name = Debug;
		};
		14D619E9201D28B80093CB06 /* Release */ = {
			isa = XCBuildConfiguration;
			buildSettings = {
				ASSETCATALOG_COMPILER_APPICON_NAME = AppIcon;
				CODE_SIGN_STYLE = Automatic;
				DEVELOPMENT_TEAM = 69HX7T8G92;
				FRAMEWORK_SEARCH_PATHS = (
					"$(inherited)",
					"$(PROJECT_DIR)/CellViewModelDemo",
				);
				INFOPLIST_FILE = "$(SRCROOT)/CellViewModelDemo/Application/Info.plist";
				LD_RUNPATH_SEARCH_PATHS = "$(inherited) @executable_path/Frameworks";
				PRODUCT_BUNDLE_IDENTIFIER = com.polant.CellViewModelDemo;
				PRODUCT_NAME = "$(TARGET_NAME)";
				SWIFT_VERSION = 4.0;
				TARGETED_DEVICE_FAMILY = "1,2";
			};
			name = Release;
		};
/* End XCBuildConfiguration section */

/* Begin XCConfigurationList section */
		14D619D0201D28B80093CB06 /* Build configuration list for PBXProject "CellViewModelDemo" */ = {
			isa = XCConfigurationList;
			buildConfigurations = (
				14D619E5201D28B80093CB06 /* Debug */,
				14D619E6201D28B80093CB06 /* Release */,
			);
			defaultConfigurationIsVisible = 0;
			defaultConfigurationName = Release;
		};
		14D619E7201D28B80093CB06 /* Build configuration list for PBXNativeTarget "CellViewModelDemo" */ = {
			isa = XCConfigurationList;
			buildConfigurations = (
				14D619E8201D28B80093CB06 /* Debug */,
				14D619E9201D28B80093CB06 /* Release */,
			);
			defaultConfigurationIsVisible = 0;
			defaultConfigurationName = Release;
		};
/* End XCConfigurationList section */
	};
	rootObject = 14D619CD201D28B80093CB06 /* Project object */;
}
